
Microsoft Visual Studio Solution File, Format Version 11.00
# Visual Studio 2010
Project("{FAE04EC0-301F-11D3-BF4B-00C04F79EFBC}") = "Unity.XR.Interaction.Toolkit.Samples.StarterAssets", "Unity.XR.Interaction.Toolkit.Samples.StarterAssets.csproj", "{a1d365e9-97d6-fe4e-2f68-0f8ff8d4bc4b}"
EndProject
Project("{FAE04EC0-301F-11D3-BF4B-00C04F79EFBC}") = "Assembly-CSharp", "Assembly-CSharp.csproj", "{e6bdc332-25e1-2831-82c1-25d0441455a3}"
EndProject
Project("{FAE04EC0-301F-11D3-BF4B-00C04F79EFBC}") = "Unity.XR.Interaction.Toolkit.Samples.DeviceSimulator", "Unity.XR.Interaction.Toolkit.Samples.DeviceSimulator.csproj", "{f97b6edd-64cd-c5fb-065b-454631e9cc5e}"
EndProject
Project("{FAE04EC0-301F-11D3-BF4B-00C04F79EFBC}") = "Unity.XR.Interaction.Toolkit.Samples.StarterAssets.Editor", "Unity.XR.Interaction.Toolkit.Samples.StarterAssets.Editor.csproj", "{5a564f5f-d604-b51f-118e-621500a6dcb0}"
EndProject
Global
	GlobalSection(SolutionConfigurationPlatforms) = preSolution
		Debug|Any CPU = Debug|Any CPU
	EndGlobalSection
	GlobalSection(ProjectConfigurationPlatforms) = postSolution
		{a1d365e9-97d6-fe4e-2f68-0f8ff8d4bc4b}.Debug|Any CPU.ActiveCfg = Debug|Any CPU
		{a1d365e9-97d6-fe4e-2f68-0f8ff8d4bc4b}.Debug|Any CPU.Build.0 = Debug|Any CPU
		{e6bdc332-25e1-2831-82c1-25d0441455a3}.Debug|Any CPU.ActiveCfg = Debug|Any CPU
		{e6bdc332-25e1-2831-82c1-25d0441455a3}.Debug|Any CPU.Build.0 = Debug|Any CPU
		{f97b6edd-64cd-c5fb-065b-454631e9cc5e}.Debug|Any CPU.ActiveCfg = Debug|Any CPU
		{f97b6edd-64cd-c5fb-065b-454631e9cc5e}.Debug|Any CPU.Build.0 = Debug|Any CPU
		{5a564f5f-d604-b51f-118e-621500a6dcb0}.Debug|Any CPU.ActiveCfg = Debug|Any CPU
		{5a564f5f-d604-b51f-118e-621500a6dcb0}.Debug|Any CPU.Build.0 = Debug|Any CPU
	EndGlobalSection
	GlobalSection(SolutionProperties) = preSolution
		HideSolutionNode = FALSE
	EndGlobalSection
EndGlobal
